
Microsoft Visual Studio Solution File, Format Version 12.00
# Visual Studio Version 17
VisualStudioVersion = 17.1.31911.260
MinimumVisualStudioVersion = 10.0.40219.1
Project("{D954291E-2A0B-460D-934E-DC6B0785DB48}") = "XGallery.Share", "XGallery.Share\XGallery.Share.shproj", "{A2104413-C84B-4B7F-BEA2-936C8812D193}"
EndProject
Project("{FAE04EC0-301F-11D3-BF4B-00C04F79EFBC}") = "XGallery.Droid", "XGallery.Droid\XGallery.Droid.csproj", "{E28E18A2-1240-4E3B-9DC6-7103AF62ADBE}"
EndProject
Project("{FAE04EC0-301F-11D3-BF4B-00C04F79EFBC}") = "XGallery.Droid.Preview", "XGallery.Droid.Preview\XGallery.Droid.Preview.csproj", "{8BCDBB18-FB41-4907-B624-9820F39DD8E5}"
EndProject
Project("{FAE04EC0-301F-11D3-BF4B-00C04F79EFBC}") = "XGallery.Droid.Inherit", "XGallery.Droid.Inherit\XGallery.Droid.Inherit.csproj", "{233C54F2-ECE6-4A79-B5AF-2FE72743CB5C}"
EndProject
Project("{FAE04EC0-301F-11D3-BF4B-00C04F79EFBC}") = "XGallery.iOS", "XGallery.iOS\XGallery.iOS.csproj", "{A87F01FF-1228-47C8-987C-EBA41DD16DC5}"
EndProject
Project("{FAE04EC0-301F-11D3-BF4B-00C04F79EFBC}") = "XGallery.iOS.Preview", "XGallery.iOS.Preview\XGallery.iOS.Preview.csproj", "{1DE9F1DE-4E50-4B70-BDEB-FB8F5FC09137}"
EndProject
Project("{FAE04EC0-301F-11D3-BF4B-00C04F79EFBC}") = "XGallery.iOS.Inherit", "XGallery.iOS.Inherit\XGallery.iOS.Inherit.csproj", "{DED0460E-3A3C-479F-9ABF-9842C8F3811F}"
EndProject
Project("{9A19103F-16F7-4668-BE54-9A1E7A4F7556}") = "XGallery.Wpf.Preview", "XGallery.Wpf.Preview\XGallery.Wpf.Preview.csproj", "{FCBF5E2A-E287-40B4-945D-D2AA7AADF81C}"
EndProject
Project("{FAE04EC0-301F-11D3-BF4B-00C04F79EFBC}") = "XGallery.Wpf", "XGallery.Wpf\XGallery.Wpf.csproj", "{FD7DFB67-66C8-4E89-BE8C-7A25FEDA038D}"
EndProject
Global
	GlobalSection(SharedMSBuildProjectFiles) = preSolution
		XGallery.Share\XGallery.Share.projitems*{a2104413-c84b-4b7f-bea2-936c8812d193}*SharedItemsImports = 13
	EndGlobalSection
	GlobalSection(SolutionConfigurationPlatforms) = preSolution
		Debug|Any CPU = Debug|Any CPU
		Debug|iPhone = Debug|iPhone
		Debug|iPhoneSimulator = Debug|iPhoneSimulator
		Release|Any CPU = Release|Any CPU
		Release|iPhone = Release|iPhone
		Release|iPhoneSimulator = Release|iPhoneSimulator
	EndGlobalSection
	GlobalSection(ProjectConfigurationPlatforms) = postSolution
		{E28E18A2-1240-4E3B-9DC6-7103AF62ADBE}.Debug|Any CPU.ActiveCfg = Debug|Any CPU
		{E28E18A2-1240-4E3B-9DC6-7103AF62ADBE}.Debug|Any CPU.Build.0 = Debug|Any CPU
		{E28E18A2-1240-4E3B-9DC6-7103AF62ADBE}.Debug|Any CPU.Deploy.0 = Debug|Any CPU
		{E28E18A2-1240-4E3B-9DC6-7103AF62ADBE}.Debug|iPhone.ActiveCfg = Debug|Any CPU
		{E28E18A2-1240-4E3B-9DC6-7103AF62ADBE}.Debug|iPhone.Build.0 = Debug|Any CPU
		{E28E18A2-1240-4E3B-9DC6-7103AF62ADBE}.Debug|iPhone.Deploy.0 = Debug|Any CPU
		{E28E18A2-1240-4E3B-9DC6-7103AF62ADBE}.Debug|iPhoneSimulator.ActiveCfg = Debug|Any CPU
		{E28E18A2-1240-4E3B-9DC6-7103AF62ADBE}.Debug|iPhoneSimulator.Build.0 = Debug|Any CPU
		{E28E18A2-1240-4E3B-9DC6-7103AF62ADBE}.Debug|iPhoneSimulator.Deploy.0 = Debug|Any CPU
		{E28E18A2-1240-4E3B-9DC6-7103AF62ADBE}.Release|Any CPU.ActiveCfg = Release|Any CPU
		{E28E18A2-1240-4E3B-9DC6-7103AF62ADBE}.Release|Any CPU.Build.0 = Release|Any CPU
		{E28E18A2-1240-4E3B-9DC6-7103AF62ADBE}.Release|Any CPU.Deploy.0 = Release|Any CPU
		{E28E18A2-1240-4E3B-9DC6-7103AF62ADBE}.Release|iPhone.ActiveCfg = Release|Any CPU
		{E28E18A2-1240-4E3B-9DC6-7103AF62ADBE}.Release|iPhone.Build.0 = Release|Any CPU
		{E28E18A2-1240-4E3B-9DC6-7103AF62ADBE}.Release|iPhone.Deploy.0 = Release|Any CPU
		{E28E18A2-1240-4E3B-9DC6-7103AF62ADBE}.Release|iPhoneSimulator.ActiveCfg = Release|Any CPU
		{E28E18A2-1240-4E3B-9DC6-7103AF62ADBE}.Release|iPhoneSimulator.Build.0 = Release|Any CPU
		{E28E18A2-1240-4E3B-9DC6-7103AF62ADBE}.Release|iPhoneSimulator.Deploy.0 = Release|Any CPU
		{8BCDBB18-FB41-4907-B624-9820F39DD8E5}.Debug|Any CPU.ActiveCfg = Debug|Any CPU
		{8BCDBB18-FB41-4907-B624-9820F39DD8E5}.Debug|Any CPU.Build.0 = Debug|Any CPU
		{8BCDBB18-FB41-4907-B624-9820F39DD8E5}.Debug|iPhone.ActiveCfg = Debug|Any CPU
		{8BCDBB18-FB41-4907-B624-9820F39DD8E5}.Debug|iPhone.Build.0 = Debug|Any CPU
		{8BCDBB18-FB41-4907-B624-9820F39DD8E5}.Debug|iPhoneSimulator.ActiveCfg = Debug|Any CPU
		{8BCDBB18-FB41-4907-B624-9820F39DD8E5}.Debug|iPhoneSimulator.Build.0 = Debug|Any CPU
		{8BCDBB18-FB41-4907-B624-9820F39DD8E5}.Release|Any CPU.ActiveCfg = Release|Any CPU
		{8BCDBB18-FB41-4907-B624-9820F39DD8E5}.Release|Any CPU.Build.0 = Release|Any CPU
		{8BCDBB18-FB41-4907-B624-9820F39DD8E5}.Release|iPhone.ActiveCfg = Release|Any CPU
		{8BCDBB18-FB41-4907-B624-9820F39DD8E5}.Release|iPhone.Build.0 = Release|Any CPU
		{8BCDBB18-FB41-4907-B624-9820F39DD8E5}.Release|iPhoneSimulator.ActiveCfg = Release|Any CPU
		{8BCDBB18-FB41-4907-B624-9820F39DD8E5}.Release|iPhoneSimulator.Build.0 = Release|Any CPU
		{233C54F2-ECE6-4A79-B5AF-2FE72743CB5C}.Debug|Any CPU.ActiveCfg = Debug|Any CPU
		{233C54F2-ECE6-4A79-B5AF-2FE72743CB5C}.Debug|Any CPU.Build.0 = Debug|Any CPU
		{233C54F2-ECE6-4A79-B5AF-2FE72743CB5C}.Debug|iPhone.ActiveCfg = Debug|Any CPU
		{233C54F2-ECE6-4A79-B5AF-2FE72743CB5C}.Debug|iPhone.Build.0 = Debug|Any CPU
		{233C54F2-ECE6-4A79-B5AF-2FE72743CB5C}.Debug|iPhoneSimulator.ActiveCfg = Debug|Any CPU
		{233C54F2-ECE6-4A79-B5AF-2FE72743CB5C}.Debug|iPhoneSimulator.Build.0 = Debug|Any CPU
		{233C54F2-ECE6-4A79-B5AF-2FE72743CB5C}.Release|Any CPU.ActiveCfg = Release|Any CPU
		{233C54F2-ECE6-4A79-B5AF-2FE72743CB5C}.Release|Any CPU.Build.0 = Release|Any CPU
		{233C54F2-ECE6-4A79-B5AF-2FE72743CB5C}.Release|iPhone.ActiveCfg = Release|Any CPU
		{233C54F2-ECE6-4A79-B5AF-2FE72743CB5C}.Release|iPhone.Build.0 = Release|Any CPU
		{233C54F2-ECE6-4A79-B5AF-2FE72743CB5C}.Release|iPhoneSimulator.ActiveCfg = Release|Any CPU
		{233C54F2-ECE6-4A79-B5AF-2FE72743CB5C}.Release|iPhoneSimulator.Build.0 = Release|Any CPU
		{A87F01FF-1228-47C8-987C-EBA41DD16DC5}.Debug|Any CPU.ActiveCfg = Debug|iPhoneSimulator
		{A87F01FF-1228-47C8-987C-EBA41DD16DC5}.Debug|Any CPU.Build.0 = Debug|iPhoneSimulator
		{A87F01FF-1228-47C8-987C-EBA41DD16DC5}.Debug|iPhone.ActiveCfg = Debug|iPhone
		{A87F01FF-1228-47C8-987C-EBA41DD16DC5}.Debug|iPhone.Build.0 = Debug|iPhone
		{A87F01FF-1228-47C8-987C-EBA41DD16DC5}.Debug|iPhoneSimulator.ActiveCfg = Debug|iPhoneSimulator
		{A87F01FF-1228-47C8-987C-EBA41DD16DC5}.Debug|iPhoneSimulator.Build.0 = Debug|iPhoneSimulator
		{A87F01FF-1228-47C8-987C-EBA41DD16DC5}.Release|Any CPU.ActiveCfg = Release|iPhoneSimulator
		{A87F01FF-1228-47C8-987C-EBA41DD16DC5}.Release|Any CPU.Build.0 = Release|iPhoneSimulator
		{A87F01FF-1228-47C8-987C-EBA41DD16DC5}.Release|iPhone.ActiveCfg = Release|iPhone
		{A87F01FF-1228-47C8-987C-EBA41DD16DC5}.Release|iPhone.Build.0 = Release|iPhone
		{A87F01FF-1228-47C8-987C-EBA41DD16DC5}.Release|iPhoneSimulator.ActiveCfg = Release|iPhoneSimulator
		{A87F01FF-1228-47C8-987C-EBA41DD16DC5}.Release|iPhoneSimulator.Build.0 = Release|iPhoneSimulator
		{1DE9F1DE-4E50-4B70-BDEB-FB8F5FC09137}.Debug|Any CPU.ActiveCfg = Debug|Any CPU
		{1DE9F1DE-4E50-4B70-BDEB-FB8F5FC09137}.Debug|Any CPU.Build.0 = Debug|Any CPU
		{1DE9F1DE-4E50-4B70-BDEB-FB8F5FC09137}.Debug|iPhone.ActiveCfg = Debug|Any CPU
		{1DE9F1DE-4E50-4B70-BDEB-FB8F5FC09137}.Debug|iPhone.Build.0 = Debug|Any CPU
		{1DE9F1DE-4E50-4B70-BDEB-FB8F5FC09137}.Debug|iPhoneSimulator.ActiveCfg = Debug|Any CPU
		{1DE9F1DE-4E50-4B70-BDEB-FB8F5FC09137}.Debug|iPhoneSimulator.Build.0 = Debug|Any CPU
		{1DE9F1DE-4E50-4B70-BDEB-FB8F5FC09137}.Release|Any CPU.ActiveCfg = Release|Any CPU
		{1DE9F1DE-4E50-4B70-BDEB-FB8F5FC09137}.Release|Any CPU.Build.0 = Release|Any CPU
		{1DE9F1DE-4E50-4B70-BDEB-FB8F5FC09137}.Release|iPhone.ActiveCfg = Release|Any CPU
		{1DE9F1DE-4E50-4B70-BDEB-FB8F5FC09137}.Release|iPhone.Build.0 = Release|Any CPU
		{1DE9F1DE-4E50-4B70-BDEB-FB8F5FC09137}.Release|iPhoneSimulator.ActiveCfg = Release|Any CPU
		{1DE9F1DE-4E50-4B70-BDEB-FB8F5FC09137}.Release|iPhoneSimulator.Build.0 = Release|Any CPU
		{DED0460E-3A3C-479F-9ABF-9842C8F3811F}.Debug|Any CPU.ActiveCfg = Debug|Any CPU
		{DED0460E-3A3C-479F-9ABF-9842C8F3811F}.Debug|Any CPU.Build.0 = Debug|Any CPU
		{DED0460E-3A3C-479F-9ABF-9842C8F3811F}.Debug|iPhone.ActiveCfg = Debug|Any CPU
		{DED0460E-3A3C-479F-9ABF-9842C8F3811F}.Debug|iPhone.Build.0 = Debug|Any CPU
		{DED0460E-3A3C-479F-9ABF-9842C8F3811F}.Debug|iPhoneSimulator.ActiveCfg = Debug|Any CPU
		{DED0460E-3A3C-479F-9ABF-9842C8F3811F}.Debug|iPhoneSimulator.Build.0 = Debug|Any CPU
		{DED0460E-3A3C-479F-9ABF-9842C8F3811F}.Release|Any CPU.ActiveCfg = Release|Any CPU
		{DED0460E-3A3C-479F-9ABF-9842C8F3811F}.Release|Any CPU.Build.0 = Release|Any CPU
		{DED0460E-3A3C-479F-9ABF-9842C8F3811F}.Release|iPhone.ActiveCfg = Release|Any CPU
		{DED0460E-3A3C-479F-9ABF-9842C8F3811F}.Release|iPhone.Build.0 = Release|Any CPU
		{DED0460E-3A3C-479F-9ABF-9842C8F3811F}.Release|iPhoneSimulator.ActiveCfg = Release|Any CPU
		{DED0460E-3A3C-479F-9ABF-9842C8F3811F}.Release|iPhoneSimulator.Build.0 = Release|Any CPU
		{FCBF5E2A-E287-40B4-945D-D2AA7AADF81C}.Debug|Any CPU.ActiveCfg = Debug|Any CPU
		{FCBF5E2A-E287-40B4-945D-D2AA7AADF81C}.Debug|Any CPU.Build.0 = Debug|Any CPU
		{FCBF5E2A-E287-40B4-945D-D2AA7AADF81C}.Debug|iPhone.ActiveCfg = Debug|Any CPU
		{FCBF5E2A-E287-40B4-945D-D2AA7AADF81C}.Debug|iPhone.Build.0 = Debug|Any CPU
		{FCBF5E2A-E287-40B4-945D-D2AA7AADF81C}.Debug|iPhoneSimulator.ActiveCfg = Debug|Any CPU
		{FCBF5E2A-E287-40B4-945D-D2AA7AADF81C}.Debug|iPhoneSimulator.Build.0 = Debug|Any CPU
		{FCBF5E2A-E287-40B4-945D-D2AA7AADF81C}.Release|Any CPU.ActiveCfg = Release|Any CPU
		{FCBF5E2A-E287-40B4-945D-D2AA7AADF81C}.Release|Any CPU.Build.0 = Release|Any CPU
		{FCBF5E2A-E287-40B4-945D-D2AA7AADF81C}.Release|iPhone.ActiveCfg = Release|Any CPU
		{FCBF5E2A-E287-40B4-945D-D2AA7AADF81C}.Release|iPhone.Build.0 = Release|Any CPU
		{FCBF5E2A-E287-40B4-945D-D2AA7AADF81C}.Release|iPhoneSimulator.ActiveCfg = Release|Any CPU
		{FCBF5E2A-E287-40B4-945D-D2AA7AADF81C}.Release|iPhoneSimulator.Build.0 = Release|Any CPU
		{FD7DFB67-66C8-4E89-BE8C-7A25FEDA038D}.Debug|Any CPU.ActiveCfg = Debug|Any CPU
		{FD7DFB67-66C8-4E89-BE8C-7A25FEDA038D}.Debug|Any CPU.Build.0 = Debug|Any CPU
		{FD7DFB67-66C8-4E89-BE8C-7A25FEDA038D}.Debug|iPhone.ActiveCfg = Debug|Any CPU
		{FD7DFB67-66C8-4E89-BE8C-7A25FEDA038D}.Debug|iPhone.Build.0 = Debug|Any CPU
		{FD7DFB67-66C8-4E89-BE8C-7A25FEDA038D}.Debug|iPhoneSimulator.ActiveCfg = Debug|Any CPU
		{FD7DFB67-66C8-4E89-BE8C-7A25FEDA038D}.Debug|iPhoneSimulator.Build.0 = Debug|Any CPU
		{FD7DFB67-66C8-4E89-BE8C-7A25FEDA038D}.Release|Any CPU.ActiveCfg = Release|Any CPU
		{FD7DFB67-66C8-4E89-BE8C-7A25FEDA038D}.Release|Any CPU.Build.0 = Release|Any CPU
		{FD7DFB67-66C8-4E89-BE8C-7A25FEDA038D}.Release|iPhone.ActiveCfg = Release|Any CPU
		{FD7DFB67-66C8-4E89-BE8C-7A25FEDA038D}.Release|iPhone.Build.0 = Release|Any CPU
		{FD7DFB67-66C8-4E89-BE8C-7A25FEDA038D}.Release|iPhoneSimulator.ActiveCfg = Release|Any CPU
		{FD7DFB67-66C8-4E89-BE8C-7A25FEDA038D}.Release|iPhoneSimulator.Build.0 = Release|Any CPU
	EndGlobalSection
	GlobalSection(SolutionProperties) = preSolution
		HideSolutionNode = FALSE
	EndGlobalSection
	GlobalSection(ExtensibilityGlobals) = postSolution
		SolutionGuid = {02F338A2-6080-43B3-97B4-6315A0B05C3D}
	EndGlobalSection
EndGlobal
